
Microsoft Visual Studio Solution File, Format Version 12.00
# Visual Studio Version 17
VisualStudioVersion = 17.11.35219.272
MinimumVisualStudioVersion = 10.0.40219.1
Project("{FAE04EC0-301F-11D3-BF4B-00C04F79EFBC}") = "FirstTimeWebAPI", "FirstTimeWebAPI\FirstTimeWebAPI.csproj", "{4272C547-E683-4C1C-888C-42E1279DE915}"
EndProject
Global
	GlobalSection(SolutionConfigurationPlatforms) = preSolution
		Debug|Any CPU = Debug|Any CPU
		Release|Any CPU = Release|Any CPU
	EndGlobalSection
	GlobalSection(ProjectConfigurationPlatforms) = postSolution
		{4272C547-E683-4C1C-888C-42E1279DE915}.Debug|Any CPU.ActiveCfg = Debug|Any CPU
		{4272C547-E683-4C1C-888C-42E1279DE915}.Debug|Any CPU.Build.0 = Debug|Any CPU
		{4272C547-E683-4C1C-888C-42E1279DE915}.Release|Any CPU.ActiveCfg = Release|Any CPU
		{4272C547-E683-4C1C-888C-42E1279DE915}.Release|Any CPU.Build.0 = Release|Any CPU
	EndGlobalSection
	GlobalSection(SolutionProperties) = preSolution
		HideSolutionNode = FALSE
	EndGlobalSection
	GlobalSection(ExtensibilityGlobals) = postSolution
		SolutionGuid = {FFAD0ACE-439B-489F-A0E7-B96E62F9BC90}
	EndGlobalSection
EndGlobal
